
Microsoft Visual Studio Solution File, Format Version 10.00
# Visual Studio 2008
Project("{8BC9CEB8-8B4A-11D0-8D11-00A0C91BC942}") = "ball", "ball\ball.vcproj", "{C12AE684-8200-41CE-84D7-3AEF094B2C7D}"
EndProject
Global
	GlobalSection(SolutionConfigurationPlatforms) = preSolution
		Debug|Win32 = Debug|Win32
		Release|Win32 = Release|Win32
	EndGlobalSection
	GlobalSection(ProjectConfigurationPlatforms) = postSolution
		{C12AE684-8200-41CE-84D7-3AEF094B2C7D}.Debug|Win32.ActiveCfg = Debug|Win32
		{C12AE684-8200-41CE-84D7-3AEF094B2C7D}.Debug|Win32.Build.0 = Debug|Win32
		{C12AE684-8200-41CE-84D7-3AEF094B2C7D}.Release|Win32.ActiveCfg = Release|Win32
		{C12AE684-8200-41CE-84D7-3AEF094B2C7D}.Release|Win32.Build.0 = Release|Win32
	EndGlobalSection
	GlobalSection(SolutionProperties) = preSolution
		HideSolutionNode = FALSE
	EndGlobalSection
EndGlobal
